version = 1
revision = 3
requires-python = ">=3.11"

[[package]]
name = "annotated-doc"
version = "0.0.4"
source = { registry = "https://pypi.org/simple" }
sdist = { url = "https://files.pythonhosted.org/packages/57/ba/046ceea27344560984e26a590f90bc7f4a75b06701f653222458922b558c/annotated_doc-0.0.4.tar.gz", hash = "sha256:fbcda96e87e9c92ad167c2e53839e57503ecfda18804ea28102353485033faa4", size = 7288, upload-time = "2025-11-10T22:07:42.062Z" }
wheels = [
    { url = "https://files.pythonhosted.org/packages/1e/d3/26bf1008eb3d2daa8ef4cacc7f3bfdc11818d111f7e2d0201bc6e3b49d45/annotated_doc-0.0.4-py3-none-any.whl", hash = "sha256:571ac1dc6991c450b25a9c2d84a3705e2ae7a53467b5d111c24fa8baabbed320", size = 5303, upload-time = "2025-11-10T22:07:40.673Z" },
]

[[package]]
name = "click"
version = "8.3.1"
source = { registry = "https://pypi.org/simple" }
dependencies = [
    { name = "colorama", marker = "sys_platform == 'win32'" },
]
sdist = { url = "https://files.pythonhosted.org/packages/3d/fa/656b739db8587d7b5dfa22e22ed02566950fbfbcdc20311993483657a5c0/click-8.3.1.tar.gz", hash = "sha256:12ff4785d337a1bb490bb7e9c2b1ee5da3112e94a8622f26a6c77f5d2fc6842a", size = 295065, upload-time = "2025-11-15T20:45:42.706Z" }
wheels = [
    { url = "https://files.pythonhosted.org/packages/98/78/01c019cdb5d6498122777c1a43056ebb3ebfeef2076d9d026bfe15583b2b/click-8.3.1-py3-none-any.whl", hash = "sha256:981153a64e25f12d547d3426c367a4857371575ee7ad18df2a6183ab0545b2a6", size = 108274, upload-time = "2025-11-15T20:45:41.139Z" },
]

[[package]]
name = "colorama"
version = "0.4.6"
source = { registry = "https://pypi.org/simple" }
sdist = { url = "https://files.pythonhosted.org/packages/d8/53/6f443c9a4a8358a93a6792e2acffb9d9d5cb0a5cfd8802644b7b1c9a02e4/colorama-0.4.6.tar.gz", hash = "sha256:08695f5cb7ed6e0531a20572697297273c47b8cae5a63ffc6d6ed5c201be6e44", size = 27697, upload-time = "2022-10-25T02:36:22.414Z" }
wheels = [
    { url = "https://files.pythonhosted.org/packages/d1/d6/3965ed04c63042e047cb6a3e6ed1a63a35087b6a609aa3a15ed8ac56c221/colorama-0.4.6-py2.py3-none-any.whl", hash = "sha256:4f1d9991f5acc0ca119f9d443620b77f9d6b33703e51011c16baf57afb285fc6", size = 25335, upload-time = "2022-10-25T02:36:20.889Z" },
]

[[package]]
name = "iniconfig"
version = "2.3.0"
source = { registry = "https://pypi.org/simple" }
sdist = { url = "https://files.pythonhosted.org/packages/72/34/14ca021ce8e5dfedc35312d08ba8bf51fdd999c576889fc2c24cb97f4f10/iniconfig-2.3.0.tar.gz", hash = "sha256:c76315c77db068650d49c5b56314774a7804df16fee4402c1f19d6d15d8c4730", size = 20503, upload-time = "2025-10-18T21:55:43.219Z" }
wheels = [
    { url = "https://files.pythonhosted.org/packages/cb/b1/3846dd7f199d53cb17f49cba7e651e9ce294d8497c8c150530ed11865bb8/iniconfig-2.3.0-py3-none-any.whl", hash = "sha256:f631c04d2c48c52b84d0d0549c99ff3859c98df65b3101406327ecc7d53fbf12", size = 7484, upload-time = "2025-10-18T21:55:41.639Z" },
]

[[package]]
name = "markdown-it-py"
version = "4.0.0"
source = { registry = "https://pypi.org/simple" }
dependencies = [
    { name = "mdurl" },
]
sdist = { url = "https://files.pythonhosted.org/packages/5b/f5/4ec618ed16cc4f8fb3b701563655a69816155e79e24a17b651541804721d/markdown_it_py-4.0.0.tar.gz", hash = "sha256:cb0a2b4aa34f932c007117b194e945bd74e0ec24133ceb5bac59009cda1cb9f3", size = 73070, upload-time = "2025-08-11T12:57:52.854Z" }
wheels = [
    { url = "https://files.pythonhosted.org/packages/94/54/e7d793b573f298e1c9013b8c4dade17d481164aa517d1d7148619c2cedbf/markdown_it_py-4.0.0-py3-none-any.whl", hash = "sha256:87327c59b172c5011896038353a81343b6754500a08cd7a4973bb48c6d578147", size = 87321, upload-time = "2025-08-11T12:57:51.923Z" },
]

[[package]]
name = "math-problems"
version = "0.1.0"
source = { editable = "." }
dependencies = [
    { name = "rich" },
    { name = "typer" },
    { name = "typst" },
]

[package.dev-dependencies]
dev = [
    { name = "pytest" },
]

[package.metadata]
requires-dist = [
    { name = "rich" },
    { name = "typer" },
    { name = "typst" },
]

[package.metadata.requires-dev]
dev = [{ name = "pytest", specifier = ">=9.0.2" }]

[[package]]
name = "mdurl"
version = "0.1.2"
source = { registry = "https://pypi.org/simple" }
sdist = { url = "https://files.pythonhosted.org/packages/d6/54/cfe61301667036ec958cb99bd3efefba235e65cdeb9c84d24a8293ba1d90/mdurl-0.1.2.tar.gz", hash = "sha256:bb413d29f5eea38f31dd4754dd7377d4465116fb207585f97bf925588687c1ba", size = 8729, upload-time = "2022-08-14T12:40:10.846Z" }
wheels = [
    { url = "https://files.pythonhosted.org/packages/b3/38/89ba8ad64ae25be8de66a6d463314cf1eb366222074cfda9ee839c56a4b4/mdurl-0.1.2-py3-none-any.whl", hash = "sha256:84008a41e51615a49fc9966191ff91509e3c40b939176e643fd50a5c2196b8f8", size = 9979, upload-time = "2022-08-14T12:40:09.779Z" },
]

[[package]]
name = "packaging"
version = "26.0"
source = { registry = "https://pypi.org/simple" }
sdist = { url = "https://files.pythonhosted.org/packages/65/ee/299d360cdc32edc7d2cf530f3accf79c4fca01e96ffc950d8a52213bd8e4/packaging-26.0.tar.gz", hash = "sha256:00243ae351a257117b6a241061796684b084ed1c516a08c48a3f7e147a9d80b4", size = 143416, upload-time = "2026-01-21T20:50:39.064Z" }
wheels = [
    { url = "https://files.pythonhosted.org/packages/b7/b9/c538f279a4e237a006a2c98387d081e9eb060d203d8ed34467cc0f0b9b53/packaging-26.0-py3-none-any.whl", hash = "sha256:b36f1fef9334a5588b4166f8bcd26a14e521f2b55e6b9de3aaa80d3ff7a37529", size = 74366, upload-time = "2026-01-21T20:50:37.788Z" },
]

[[package]]
name = "pluggy"
version = "1.6.0"
source = { registry = "https://pypi.org/simple" }
sdist = { url = "https://files.pythonhosted.org/packages/f9/e2/3e91f31a7d2b083fe6ef3fa267035b518369d9511ffab804f839851d2779/pluggy-1.6.0.tar.gz", hash = "sha256:7dcc130b76258d33b90f61b658791dede3486c3e6bfb003ee5c9bfb396dd22f3", size = 69412, upload-time = "2025-05-15T12:30:07.975Z" }
wheels = [
    { url = "https://files.pythonhosted.org/packages/54/20/4d324d65cc6d9205fabedc306948156824eb9f0ee1633355a8f7ec5c66bf/pluggy-1.6.0-py3-none-any.whl", hash = "sha256:e920276dd6813095e9377c0bc5566d94c932c33b27a3e3945d8389c374dd4746", size = 20538, upload-time = "2025-05-15T12:30:06.134Z" },
]

[[package]]
name = "pygments"
version = "2.19.2"
source = { registry = "https://pypi.org/simple" }
sdist = { url = "https://files.pythonhosted.org/packages/b0/77/a5b8c569bf593b0140bde72ea885a803b82086995367bf2037de0159d924/pygments-2.19.2.tar.gz", hash = "sha256:636cb2477cec7f8952536970bc533bc43743542f70392ae026374600add5b887", size = 4968631, upload-time = "2025-06-21T13:39:12.283Z" }
wheels = [
    { url = "https://files.pythonhosted.org/packages/c7/21/705964c7812476f378728bdf590ca4b771ec72385c533964653c68e86bdc/pygments-2.19.2-py3-none-any.whl", hash = "sha256:86540386c03d588bb81d44bc3928634ff26449851e99741617ecb9037ee5ec0b", size = 1225217, upload-time = "2025-06-21T13:39:07.939Z" },
]

[[package]]
name = "pytest"
version = "9.0.2"
source = { registry = "https://pypi.org/simple" }
dependencies = [
    { name = "colorama", marker = "sys_platform == 'win32'" },
    { name = "iniconfig" },
    { name = "packaging" },
    { name = "pluggy" },
    { name = "pygments" },
]
sdist = { url = "https://files.pythonhosted.org/packages/d1/db/7ef3487e0fb0049ddb5ce41d3a49c235bf9ad299b6a25d5780a89f19230f/pytest-9.0.2.tar.gz", hash = "sha256:75186651a92bd89611d1d9fc20f0b4345fd827c41ccd5c299a868a05d70edf11", size = 1568901, upload-time = "2025-12-06T21:30:51.014Z" }
wheels = [
    { url = "https://files.pythonhosted.org/packages/3b/ab/b3226f0bd7cdcf710fbede2b3548584366da3b19b5021e74f5bde2a8fa3f/pytest-9.0.2-py3-none-any.whl", hash = "sha256:711ffd45bf766d5264d487b917733b453d917afd2b0ad65223959f59089f875b", size = 374801, upload-time = "2025-12-06T21:30:49.154Z" },
]

[[package]]
name = "rich"
version = "14.3.2"
source = { registry = "https://pypi.org/simple" }
dependencies = [
    { name = "markdown-it-py" },
    { name = "pygments" },
]
sdist = { url = "https://files.pythonhosted.org/packages/74/99/a4cab2acbb884f80e558b0771e97e21e939c5dfb460f488d19df485e8298/rich-14.3.2.tar.gz", hash = "sha256:e712f11c1a562a11843306f5ed999475f09ac31ffb64281f73ab29ffdda8b3b8", size = 230143, upload-time = "2026-02-01T16:20:47.908Z" }
wheels = [
    { url = "https://files.pythonhosted.org/packages/ef/45/615f5babd880b4bd7d405cc0dc348234c5ffb6ed1ea33e152ede08b2072d/rich-14.3.2-py3-none-any.whl", hash = "sha256:08e67c3e90884651da3239ea668222d19bea7b589149d8014a21c633420dbb69", size = 309963, upload-time = "2026-02-01T16:20:46.078Z" },
]

[[package]]
name = "shellingham"
version = "1.5.4"
source = { registry = "https://pypi.org/simple" }
sdist = { url = "https://files.pythonhosted.org/packages/58/15/8b3609fd3830ef7b27b655beb4b4e9c62313a4e8da8c676e142cc210d58e/shellingham-1.5.4.tar.gz", hash = "sha256:8dbca0739d487e5bd35ab3ca4b36e11c4078f3a234bfce294b0a0291363404de", size = 10310, upload-time = "2023-10-24T04:13:40.426Z" }
wheels = [
    { url = "https://files.pythonhosted.org/packages/e0/f9/0595336914c5619e5f28a1fb793285925a8cd4b432c9da0a987836c7f822/shellingham-1.5.4-py2.py3-none-any.whl", hash = "sha256:7ecfff8f2fd72616f7481040475a65b2bf8af90a56c89140852d1120324e8686", size = 9755, upload-time = "2023-10-24T04:13:38.866Z" },
]

[[package]]
name = "typer"
version = "0.24.0"
source = { registry = "https://pypi.org/simple" }
dependencies = [
    { name = "annotated-doc" },
    { name = "click" },
    { name = "rich" },
    { name = "shellingham" },
]
sdist = { url = "https://files.pythonhosted.org/packages/5a/b6/3e681d3b6bb22647509bdbfdd18055d5adc0dce5c5585359fa46ff805fdc/typer-0.24.0.tar.gz", hash = "sha256:f9373dc4eff901350694f519f783c29b6d7a110fc0dcc11b1d7e353b85ca6504", size = 118380, upload-time = "2026-02-16T22:08:48.496Z" }
wheels = [
    { url = "https://files.pythonhosted.org/packages/85/d0/4da85c2a45054bb661993c93524138ace4956cb075a7ae0c9d1deadc331b/typer-0.24.0-py3-none-any.whl", hash = "sha256:5fc435a9c8356f6160ed6e85a6301fdd6e3d8b2851da502050d1f92c5e9eddc8", size = 56441, upload-time = "2026-02-16T22:08:47.535Z" },
]

[[package]]
name = "typst"
version = "0.14.8"
source = { registry = "https://pypi.org/simple" }
sdist = { url = "https://files.pythonhosted.org/packages/0e/17/011059074fe6c51ed775991d5066c73443f17d49b3d4ab9c1a969dcdb5cb/typst-0.14.8.tar.gz", hash = "sha256:8ffb8d5896aa6a20a7b88ae3fa1dfcf062fdd09b5b6a0a164f92f78ad1a2d8cd", size = 62369, upload-time = "2026-02-08T02:31:21.753Z" }
wheels = [
    { url = "https://files.pythonhosted.org/packages/d2/67/af5551e95261fc425f6dbf241ec08bf1172fd10ef239787ff6e009bb2f08/typst-0.14.8-cp314-cp314t-macosx_10_12_x86_64.whl", hash = "sha256:4697b9de12d7b1bc85209960e1ef7e2c4947cffd7d6ef68201aea03597cf38bd", size = 22935370, upload-time = "2026-02-08T02:30:30.418Z" },
    { url = "https://files.pythonhosted.org/packages/6f/93/cbb32c7e830a806105ee0f6d9b6c780f2736a9c75d8121602e7842a316d2/typst-0.14.8-cp314-cp314t-macosx_11_0_arm64.whl", hash = "sha256:e2ecb523ff7e3eb68667ad693ff4c460ac58aedfbeb6514054efce2718e7563f", size = 22624078, upload-time = "2026-02-08T02:30:33.762Z" },
    { url = "https://files.pythonhosted.org/packages/77/38/070c068442a8be93125366b27e5cf1a6b1dd62c85dab62bd6d4355643d29/typst-0.14.8-cp314-cp314t-manylinux_2_17_aarch64.manylinux2014_aarch64.whl", hash = "sha256:f9db137ca037bd12c0ebbbbfa1190fffaa75a2043d04adacb273cc98f0265a32", size = 26894087, upload-time = "2026-02-08T02:30:36.876Z" },
    { url = "https://files.pythonhosted.org/packages/ee/32/8754413c4cdf631c51e16690775dcfd28e783c1ccc0efc71d92ef73e0db3/typst-0.14.8-cp314-cp314t-manylinux_2_17_armv7l.manylinux2014_armv7l.whl", hash = "sha256:d8c4ac751c3480b0fcfc7fce273025bb7392654db5a3aa65904f8678192c54f8", size = 26489748, upload-time = "2026-02-08T02:30:40.169Z" },
    { url = "https://files.pythonhosted.org/packages/27/2b/3b1256033c7b971d0c79af41fadff552c1df7a9f9774a540f1a2ede97937/typst-0.14.8-cp314-cp314t-manylinux_2_17_ppc64le.manylinux2014_ppc64le.whl", hash = "sha256:37da60ec4afcd82b55664612aab10cac11a8ebc075686057705261de9e901523", size = 28023293, upload-time = "2026-02-08T02:30:43.222Z" },
    { url = "https://files.pythonhosted.org/packages/61/1b/8769c89998299525e4b04fddce1b15977d18051695c65760203b55f7ed47/typst-0.14.8-cp314-cp314t-manylinux_2_17_s390x.manylinux2014_s390x.whl", hash = "sha256:e1cfbc313ba3b883da8c45233506766a503da307057a5d8d39e360023733c463", size = 27109055, upload-time = "2026-02-08T02:30:46.214Z" },
    { url = "https://files.pythonhosted.org/packages/51/97/b1f43e29051401289b6ef37398eb83d78584f52e0b213f8675b9b10b0c0b/typst-0.14.8-cp314-cp314t-manylinux_2_17_x86_64.manylinux2014_x86_64.whl", hash = "sha256:b509e7a599dd07e36e18495f0258511de527f5e0dc145622025d204c84db5246", size = 26017464, upload-time = "2026-02-08T02:30:49.271Z" },
    { url = "https://files.pythonhosted.org/packages/5b/ca/44732fc1e486be822ba65ee9a02f0bc5f28d1cb08284c9dd1286d975f9ce/typst-0.14.8-cp314-cp314t-win_amd64.whl", hash = "sha256:10710c58dbc8820a954970ba5d0af5611c7c57f8ddacfebb1a85ddb6449f01eb", size = 21471708, upload-time = "2026-02-08T02:30:54.185Z" },
    { url = "https://files.pythonhosted.org/packages/5b/cb/e49219a75d39ce866ae5d64e0a1d8d712b394ed3a1e7de3a8f4a35cde78e/typst-0.14.8-cp38-abi3-macosx_10_12_x86_64.whl", hash = "sha256:f47fe029f6ebe907f981ce0cb5208eab27eaf7342e319e6c798ac1dbae976f58", size = 22936285, upload-time = "2026-02-08T02:30:57.338Z" },
    { url = "https://files.pythonhosted.org/packages/f8/6b/d36f312c32b70303abd88d0abe6ffb50f8f7fcc0b457c914c78d791ed934/typst-0.14.8-cp38-abi3-macosx_11_0_arm64.whl", hash = "sha256:aba11243463f6994ca1140b8515e70be1a98fd3025ae3211b84103499b0c5a5a", size = 22632767, upload-time = "2026-02-08T02:31:00.454Z" },
    { url = "https://files.pythonhosted.org/packages/6f/b4/87d2d24078b94645ba8788c8b4a5bbab6a3c779370141c31a02e2003ee0f/typst-0.14.8-cp38-abi3-manylinux_2_17_aarch64.manylinux2014_aarch64.whl", hash = "sha256:544fcd9ce55b140115d7442b3661c45897778650c307e2eb0749efed29bbfcea", size = 26907232, upload-time = "2026-02-08T02:31:03.528Z" },
    { url = "https://files.pythonhosted.org/packages/bc/e8/3efdebcf37639daa4799e7a4c833a280f14685f7e6058fed576c6fb2e722/typst-0.14.8-cp38-abi3-manylinux_2_17_armv7l.manylinux2014_armv7l.whl", hash = "sha256:a296f85bf0d27043b031d1d2d74a34802e4876a8936f70784fbe99021b0dad4d", size = 26501791, upload-time = "2026-02-08T02:31:06.898Z" },
    { url = "https://files.pythonhosted.org/packages/7e/28/094d4b9f0ff4ee81f88eee2df00dbcfbd961070df981973bc385a1544ff8/typst-0.14.8-cp38-abi3-manylinux_2_17_ppc64le.manylinux2014_ppc64le.whl", hash = "sha256:6e3891a2e5551017c9030dd6de31587a29b97c18464df6bcff05f30f7cdab677", size = 28028881, upload-time = "2026-02-08T02:31:10.437Z" },
    { url = "https://files.pythonhosted.org/packages/11/a1/15cd399dfc5ce0ea9e05d5bbc274c95f8ecababc04b4210bae8d583fe454/typst-0.14.8-cp38-abi3-manylinux_2_17_s390x.manylinux2014_s390x.whl", hash = "sha256:7a19cf938607c73fd8c5245a7cb32c94af413080a3d747fcf7e16df88713c686", size = 27128399, upload-time = "2026-02-08T02:31:13.597Z" },
    { url = "https://files.pythonhosted.org/packages/4c/6f/ff1c58dac9245d4c355bfced006090b14a2f17497e9cf79a84d9d720663a/typst-0.14.8-cp38-abi3-manylinux_2_17_x86_64.manylinux2014_x86_64.whl", hash = "sha256:a12766a83e390377008722a8c80afdd9195a297261fd3c9d1f3720f9aecd2b19", size = 26026753, upload-time = "2026-02-08T02:31:16.591Z" },
    { url = "https://files.pythonhosted.org/packages/a9/42/db15d775c09f0da92191ea1b50cee056e46b599bb5524e2d8ff51f973765/typst-0.14.8-cp38-abi3-win_amd64.whl", hash = "sha256:66eb2ebfe13275cf2a63ed7ff261eb5af3da5293077a5d6ca16e27a96d0d2f5e", size = 21475900, upload-time = "2026-02-08T02:31:19.484Z" },
]
